
Microsoft Visual Studio Solution File, Format Version 12.00
# Visual Studio 14
VisualStudioVersion = 14.0.25420.1
MinimumVisualStudioVersion = 10.0.40219.1
Project("{2150E333-8FDC-42A3-9474-1A3956D46DE8}") = "src", "src", "{0F8A29AC-F53F-46F2-9A1F-24DD949861C5}"
EndProject
Project("{2150E333-8FDC-42A3-9474-1A3956D46DE8}") = "Solution Items", "Solution Items", "{69C29E06-9ACA-4A4B-95A9-BB846A3D96C1}"
	ProjectSection(SolutionItems) = preProject
		global.json = global.json
	EndProjectSection
EndProject
Project("{8BB2217D-0F2D-49D1-97BC-3654ED321F3B}") = "WinKCarAudio", "src\WinKCarAudio\WinKCarAudio.xproj", "{D658C833-6100-4445-A1E6-FD6FF45C6072}"
EndProject
Global
	GlobalSection(SolutionConfigurationPlatforms) = preSolution
		Debug|Any CPU = Debug|Any CPU
		Release|Any CPU = Release|Any CPU
	EndGlobalSection
	GlobalSection(ProjectConfigurationPlatforms) = postSolution
		{D658C833-6100-4445-A1E6-FD6FF45C6072}.Debug|Any CPU.ActiveCfg = Debug|Any CPU
		{D658C833-6100-4445-A1E6-FD6FF45C6072}.Debug|Any CPU.Build.0 = Debug|Any CPU
		{D658C833-6100-4445-A1E6-FD6FF45C6072}.Release|Any CPU.ActiveCfg = Release|Any CPU
		{D658C833-6100-4445-A1E6-FD6FF45C6072}.Release|Any CPU.Build.0 = Release|Any CPU
	EndGlobalSection
	GlobalSection(SolutionProperties) = preSolution
		HideSolutionNode = FALSE
	EndGlobalSection
	GlobalSection(NestedProjects) = preSolution
		{D658C833-6100-4445-A1E6-FD6FF45C6072} = {0F8A29AC-F53F-46F2-9A1F-24DD949861C5}
	EndGlobalSection
EndGlobal
